
Microsoft Visual Studio Solution File, Format Version 12.00
# Visual Studio Version 17
VisualStudioVersion = 17.1.32421.90
MinimumVisualStudioVersion = 10.0.40219.1
Project("{FAE04EC0-301F-11D3-BF4B-00C04F79EFBC}") = "backenapi", "backenapi\backenapi.csproj", "{B3CE0FBB-06AB-4513-A78F-A393AF1FE60A}"
EndProject
Project("{FAE04EC0-301F-11D3-BF4B-00C04F79EFBC}") = "api.Data", "api.Data\api.Data.csproj", "{B3A51EA7-7F87-4C22-AE23-9729F418E7A8}"
EndProject
Project("{FAE04EC0-301F-11D3-BF4B-00C04F79EFBC}") = "api.Models", "api.Models\api.Models.csproj", "{87812176-71DD-4C25-AC2A-1D5FD8CE862E}"
EndProject
Global
	GlobalSection(SolutionConfigurationPlatforms) = preSolution
		Debug|Any CPU = Debug|Any CPU
		Release|Any CPU = Release|Any CPU
	EndGlobalSection
	GlobalSection(ProjectConfigurationPlatforms) = postSolution
		{B3CE0FBB-06AB-4513-A78F-A393AF1FE60A}.Debug|Any CPU.ActiveCfg = Debug|Any CPU
		{B3CE0FBB-06AB-4513-A78F-A393AF1FE60A}.Debug|Any CPU.Build.0 = Debug|Any CPU
		{B3CE0FBB-06AB-4513-A78F-A393AF1FE60A}.Release|Any CPU.ActiveCfg = Release|Any CPU
		{B3CE0FBB-06AB-4513-A78F-A393AF1FE60A}.Release|Any CPU.Build.0 = Release|Any CPU
		{B3A51EA7-7F87-4C22-AE23-9729F418E7A8}.Debug|Any CPU.ActiveCfg = Debug|Any CPU
		{B3A51EA7-7F87-4C22-AE23-9729F418E7A8}.Debug|Any CPU.Build.0 = Debug|Any CPU
		{B3A51EA7-7F87-4C22-AE23-9729F418E7A8}.Release|Any CPU.ActiveCfg = Release|Any CPU
		{B3A51EA7-7F87-4C22-AE23-9729F418E7A8}.Release|Any CPU.Build.0 = Release|Any CPU
		{87812176-71DD-4C25-AC2A-1D5FD8CE862E}.Debug|Any CPU.ActiveCfg = Debug|Any CPU
		{87812176-71DD-4C25-AC2A-1D5FD8CE862E}.Debug|Any CPU.Build.0 = Debug|Any CPU
		{87812176-71DD-4C25-AC2A-1D5FD8CE862E}.Release|Any CPU.ActiveCfg = Release|Any CPU
		{87812176-71DD-4C25-AC2A-1D5FD8CE862E}.Release|Any CPU.Build.0 = Release|Any CPU
	EndGlobalSection
	GlobalSection(SolutionProperties) = preSolution
		HideSolutionNode = FALSE
	EndGlobalSection
	GlobalSection(ExtensibilityGlobals) = postSolution
		SolutionGuid = {1A7E5CFA-9365-4C66-AA91-CB0BAF39FD12}
	EndGlobalSection
EndGlobal
